
Microsoft Visual Studio Solution File, Format Version 12.00
# Visual Studio Version 17
VisualStudioVersion = 17.7.34031.279
MinimumVisualStudioVersion = 10.0.40219.1
Project("{FAE04EC0-301F-11D3-BF4B-00C04F79EFBC}") = "BasicAspNet", "BasicAspNet\BasicAspNet.csproj", "{4223D474-F0A9-41E7-9964-169C4E4E7551}"
EndProject
Global
	GlobalSection(SolutionConfigurationPlatforms) = preSolution
		Debug|Any CPU = Debug|Any CPU
		Release|Any CPU = Release|Any CPU
	EndGlobalSection
	GlobalSection(ProjectConfigurationPlatforms) = postSolution
		{4223D474-F0A9-41E7-9964-169C4E4E7551}.Debug|Any CPU.ActiveCfg = Debug|Any CPU
		{4223D474-F0A9-41E7-9964-169C4E4E7551}.Debug|Any CPU.Build.0 = Debug|Any CPU
		{4223D474-F0A9-41E7-9964-169C4E4E7551}.Release|Any CPU.ActiveCfg = Release|Any CPU
		{4223D474-F0A9-41E7-9964-169C4E4E7551}.Release|Any CPU.Build.0 = Release|Any CPU
	EndGlobalSection
	GlobalSection(SolutionProperties) = preSolution
		HideSolutionNode = FALSE
	EndGlobalSection
	GlobalSection(ExtensibilityGlobals) = postSolution
		SolutionGuid = {E09EA9C1-361D-403C-B5C9-554135F890FA}
	EndGlobalSection
EndGlobal
